{
    "_readme": [
        "This file locks the dependencies of your project to a known state",
        "Read more about it at https://getcomposer.org/doc/01-basic-usage.md#installing-dependencies",
        "This file is @generated automatically"
    ],
    "content-hash": "edeb46585def79c3f659f3dec4359c0d",
    "packages": [
        {
            "name": "codeigniter4/framework",
            "version": "v4.3.6",
            "source": {
                "type": "git",
                "url": "https://github.com/codeigniter4/framework.git",
                "reference": "e3921233a20daf05ae9d2b50ca41ce97748e1d6d"
            },
            "dist": {
                "type": "zip",
                "url": "https://api.github.com/repos/codeigniter4/framework/zipball/e3921233a20daf05ae9d2b50ca41ce97748e1d6d",
                "reference": "e3921233a20daf05ae9d2b50ca41ce97748e1d6d",
                "shasum": ""
            },
            "require": {
                "ext-intl": "*",
                "ext-json": "*",
                "ext-mbstring": "*",
                "laminas/laminas-escaper": "^2.9",
                "php": "^7.4 || ^8.0",
                "psr/log": "^1.1"
            },
            "require-dev": {
                "codeigniter/coding-standard": "^1.5",
                "fakerphp/faker": "^1.9",
                "friendsofphp/php-cs-fixer": "3.13.0",
                "kint-php/kint": "^5.0.4",
                "mikey179/vfsstream": "^1.6",
                "nexusphp/cs-config": "^3.6",
                "phpunit/phpunit": "^9.1",
                "predis/predis": "^1.1 || ^2.0"
            },
            "suggest": {
                "ext-curl": "If you use CURLRequest class",
                "ext-dom": "If you use TestResponse",
                "ext-exif": "If you run Image class tests",
                "ext-fileinfo": "Improves mime type detection for files",
                "ext-gd": "If you use Image class GDHandler",
                "ext-imagick": "If you use Image class ImageMagickHandler",
                "ext-libxml": "If you use TestResponse",
                "ext-memcache": "If you use Cache class MemcachedHandler with Memcache",
                "ext-memcached": "If you use Cache class MemcachedHandler with Memcached",
                "ext-mysqli": "If you use MySQL",
                "ext-oci8": "If you use Oracle Database",
                "ext-pgsql": "If you use PostgreSQL",
                "ext-readline": "Improves CLI::input() usability",
                "ext-redis": "If you use Cache class RedisHandler",
                "ext-simplexml": "If you format XML",
                "ext-sqlite3": "If you use SQLite3",
                "ext-sqlsrv": "If you use SQL Server",
                "ext-xdebug": "If you use CIUnitTestCase::assertHeaderEmitted()"
            },
            "type": "project",
            "autoload": {
                "psr-4": {
                    "CodeIgniter\\": "system/"
                },
                "exclude-from-classmap": [
                    "**/Database/Migrations/**"
                ]
            },
            "notification-url": "https://packagist.org/downloads/",
            "license": [
                "MIT"
            ],
            "description": "The CodeIgniter framework v4",
            "homepage": "https://codeigniter.com",
            "support": {
                "forum": "https://forum.codeigniter.com/",
                "slack": "https://codeigniterchat.slack.com",
                "source": "https://github.com/codeigniter4/CodeIgniter4"
            },
            "time": "2023-06-17T23:13:38+00:00"
        },
        {
            "name": "laminas/laminas-escaper",
            "version": "2.12.0",
            "source": {
                "type": "git",
                "url": "https://github.com/laminas/laminas-escaper.git",
                "reference": "ee7a4c37bf3d0e8c03635d5bddb5bb3184ead490"
            },
            "dist": {
                "type": "zip",
                "url": "https://api.github.com/repos/laminas/laminas-escaper/zipball/ee7a4c37bf3d0e8c03635d5bddb5bb3184ead490",
                "reference": "ee7a4c37bf3d0e8c03635d5bddb5bb3184ead490",
                "shasum": ""
            },
            "require": {
                "ext-ctype": "*",
                "ext-mbstring": "*",
                "php": "^7.4 || ~8.0.0 || ~8.1.0 || ~8.2.0"
            },
            "conflict": {
                "zendframework/zend-escaper": "*"
            },
            "require-dev": {
                "infection/infection": "^0.26.6",
                "laminas/laminas-coding-standard": "~2.4.0",
                "maglnet/composer-require-checker": "^3.8.0",
                "phpunit/phpunit": "^9.5.18",
                "psalm/plugin-phpunit": "^0.17.0",
                "vimeo/psalm": "^4.22.0"
            },
            "type": "library",
            "autoload": {
                "psr-4": {
                    "Laminas\\Escaper\\": "src/"
                }
            },
            "notification-url": "https://packagist.org/downloads/",
            "license": [
                "BSD-3-Clause"
            ],
            "description": "Securely and safely escape HTML, HTML attributes, JavaScript, CSS, and URLs",
            "homepage": "https://laminas.dev",
            "keywords": [
                "escaper",
                "laminas"
            ],
            "support": {
                "chat": "https://laminas.dev/chat",
                "docs": "https://docs.laminas.dev/laminas-escaper/",
                "forum": "https://discourse.laminas.dev",
                "issues": "https://github.com/laminas/laminas-escaper/issues",
                "rss": "https://github.com/laminas/laminas-escaper/releases.atom",
                "source": "https://github.com/laminas/laminas-escaper"
            },
            "funding": [
                {
                    "url": "https://funding.communitybridge.org/projects/laminas-project",
                    "type": "community_bridge"
                }
            ],
            "time": "2022-10-10T10:11:09+00:00"
        },
        {
            "name": "psr/log",
            "version": "1.1.4",
            "source": {
                "type": "git",
                "url": "https://github.com/php-fig/log.git",
                "reference": "d49695b909c3b7628b6289db5479a1c204601f11"
            },
            "dist": {
                "type": "zip",
                "url": "https://api.github.com/repos/php-fig/log/zipball/d49695b909c3b7628b6289db5479a1c204601f11",
                "reference": "d49695b909c3b7628b6289db5479a1c204601f11",
                "shasum": ""
            },
            "require": {
                "php": ">=5.3.0"
            },
            "type": "library",
            "extra": {
                "branch-alias": {
                    "dev-master": "1.1.x-dev"
                }
            },
            "autoload": {
                "psr-4": {
                    "Psr\\Log\\": "Psr/Log/"
                }
            },
            "notification-url": "https://packagist.org/downloads/",
            "license": [
                "MIT"
            ],
            "authors": [
                {
                    "name": "PHP-FIG",
                    "homepage": "https://www.php-fig.org/"
                }
            ],
            "description": "Common interface for logging libraries",
            "homepage": "https://github.com/php-fig/log",
            "keywords": [
                "log",
                "psr",
                "psr-3"
            ],
            "support": {
                "source": "https://github.com/php-fig/log/tree/1.1.4"
            },
            "time": "2021-05-03T11:20:27+00:00"
        }
    ],
    "packages-dev": [],
    "aliases": [],
    "minimum-stability": "stable",
    "stability-flags": [],
    "prefer-stable": false,
    "prefer-lowest": false,
    "platform": {
        "php": ">=7.4"
    },
    "platform-dev": [],
    "plugin-api-version": "2.3.0"
}
